
Microsoft Visual Studio Solution File, Format Version 12.00
# Visual Studio Version 16
VisualStudioVersion = 16.0.30804.86
MinimumVisualStudioVersion = 10.0.40219.1
Project("{FAE04EC0-301F-11D3-BF4B-00C04F79EFBC}") = "CPT", "CPT\CPT.csproj", "{E12932E5-C126-4E42-AD6B-C1C5E8482B75}"
EndProject
Global
	GlobalSection(SolutionConfigurationPlatforms) = preSolution
		Debug|Any CPU = Debug|Any CPU
		Release|Any CPU = Release|Any CPU
	EndGlobalSection
	GlobalSection(ProjectConfigurationPlatforms) = postSolution
		{E12932E5-C126-4E42-AD6B-C1C5E8482B75}.Debug|Any CPU.ActiveCfg = Debug|Any CPU
		{E12932E5-C126-4E42-AD6B-C1C5E8482B75}.Debug|Any CPU.Build.0 = Debug|Any CPU
		{E12932E5-C126-4E42-AD6B-C1C5E8482B75}.Release|Any CPU.ActiveCfg = Release|Any CPU
		{E12932E5-C126-4E42-AD6B-C1C5E8482B75}.Release|Any CPU.Build.0 = Release|Any CPU
	EndGlobalSection
	GlobalSection(SolutionProperties) = preSolution
		HideSolutionNode = FALSE
	EndGlobalSection
	GlobalSection(ExtensibilityGlobals) = postSolution
		SolutionGuid = {5579AE18-9DD7-4A6D-9310-4A725C758C5C}
	EndGlobalSection
EndGlobal
